
Microsoft Visual Studio Solution File, Format Version 12.00
# Visual Studio Version 17
VisualStudioVersion = 17.1.32228.430
MinimumVisualStudioVersion = 10.0.40219.1
Project("{FAE04EC0-301F-11D3-BF4B-00C04F79EFBC}") = "Examen2", "Examen2\Examen2.csproj", "{D3C87BF5-EA60-44BD-877F-B154F52058A3}"
EndProject
Global
	GlobalSection(SolutionConfigurationPlatforms) = preSolution
		Debug|Any CPU = Debug|Any CPU
		Release|Any CPU = Release|Any CPU
	EndGlobalSection
	GlobalSection(ProjectConfigurationPlatforms) = postSolution
		{D3C87BF5-EA60-44BD-877F-B154F52058A3}.Debug|Any CPU.ActiveCfg = Debug|Any CPU
		{D3C87BF5-EA60-44BD-877F-B154F52058A3}.Debug|Any CPU.Build.0 = Debug|Any CPU
		{D3C87BF5-EA60-44BD-877F-B154F52058A3}.Release|Any CPU.ActiveCfg = Release|Any CPU
		{D3C87BF5-EA60-44BD-877F-B154F52058A3}.Release|Any CPU.Build.0 = Release|Any CPU
	EndGlobalSection
	GlobalSection(SolutionProperties) = preSolution
		HideSolutionNode = FALSE
	EndGlobalSection
	GlobalSection(ExtensibilityGlobals) = postSolution
		SolutionGuid = {49D9CAC5-2BA4-4ED8-B71F-B5FF0032062A}
	EndGlobalSection
EndGlobal
