
Microsoft Visual Studio Solution File, Format Version 12.00
# Visual Studio Version 17
VisualStudioVersion = 17.1.32228.430
MinimumVisualStudioVersion = 10.0.40219.1
Project("{FAE04EC0-301F-11D3-BF4B-00C04F79EFBC}") = "pruebaHerencia", "pruebaHerencia\pruebaHerencia.csproj", "{61235C79-31FC-4256-ABE6-4E1EFC1E0BCC}"
EndProject
Global
	GlobalSection(SolutionConfigurationPlatforms) = preSolution
		Debug|Any CPU = Debug|Any CPU
		Release|Any CPU = Release|Any CPU
	EndGlobalSection
	GlobalSection(ProjectConfigurationPlatforms) = postSolution
		{61235C79-31FC-4256-ABE6-4E1EFC1E0BCC}.Debug|Any CPU.ActiveCfg = Debug|Any CPU
		{61235C79-31FC-4256-ABE6-4E1EFC1E0BCC}.Debug|Any CPU.Build.0 = Debug|Any CPU
		{61235C79-31FC-4256-ABE6-4E1EFC1E0BCC}.Release|Any CPU.ActiveCfg = Release|Any CPU
		{61235C79-31FC-4256-ABE6-4E1EFC1E0BCC}.Release|Any CPU.Build.0 = Release|Any CPU
	EndGlobalSection
	GlobalSection(SolutionProperties) = preSolution
		HideSolutionNode = FALSE
	EndGlobalSection
	GlobalSection(ExtensibilityGlobals) = postSolution
		SolutionGuid = {0EC99DA8-5A10-452C-B44B-BF4A368762A6}
	EndGlobalSection
EndGlobal
