
Microsoft Visual Studio Solution File, Format Version 12.00
# Visual Studio Version 17
VisualStudioVersion = 17.6.33829.357
MinimumVisualStudioVersion = 10.0.40219.1
Project("{FAE04EC0-301F-11D3-BF4B-00C04F79EFBC}") = "nota", "nota\nota.csproj", "{467AE9D1-3465-4AA5-84AD-DC87085464F9}"
EndProject
Global
	GlobalSection(SolutionConfigurationPlatforms) = preSolution
		Debug|Any CPU = Debug|Any CPU
		Release|Any CPU = Release|Any CPU
	EndGlobalSection
	GlobalSection(ProjectConfigurationPlatforms) = postSolution
		{467AE9D1-3465-4AA5-84AD-DC87085464F9}.Debug|Any CPU.ActiveCfg = Debug|Any CPU
		{467AE9D1-3465-4AA5-84AD-DC87085464F9}.Debug|Any CPU.Build.0 = Debug|Any CPU
		{467AE9D1-3465-4AA5-84AD-DC87085464F9}.Release|Any CPU.ActiveCfg = Release|Any CPU
		{467AE9D1-3465-4AA5-84AD-DC87085464F9}.Release|Any CPU.Build.0 = Release|Any CPU
	EndGlobalSection
	GlobalSection(SolutionProperties) = preSolution
		HideSolutionNode = FALSE
	EndGlobalSection
	GlobalSection(ExtensibilityGlobals) = postSolution
		SolutionGuid = {11A96515-AAFF-4D73-8E83-662E32449ABA}
	EndGlobalSection
EndGlobal
